
Microsoft Visual Studio Solution File, Format Version 12.00
# Visual Studio Version 17
VisualStudioVersion = 17.13.35931.197
MinimumVisualStudioVersion = 10.0.40219.1
Project("{FAE04EC0-301F-11D3-BF4B-00C04F79EFBC}") = "aspnetNote", "aspnetNote\aspnetNote.csproj", "{A29C2F80-F0FB-4904-8361-4C56763E3F88}"
EndProject
Global
	GlobalSection(SolutionConfigurationPlatforms) = preSolution
		Debug|Any CPU = Debug|Any CPU
		Release|Any CPU = Release|Any CPU
	EndGlobalSection
	GlobalSection(ProjectConfigurationPlatforms) = postSolution
		{A29C2F80-F0FB-4904-8361-4C56763E3F88}.Debug|Any CPU.ActiveCfg = Debug|Any CPU
		{A29C2F80-F0FB-4904-8361-4C56763E3F88}.Debug|Any CPU.Build.0 = Debug|Any CPU
		{A29C2F80-F0FB-4904-8361-4C56763E3F88}.Release|Any CPU.ActiveCfg = Release|Any CPU
		{A29C2F80-F0FB-4904-8361-4C56763E3F88}.Release|Any CPU.Build.0 = Release|Any CPU
	EndGlobalSection
	GlobalSection(SolutionProperties) = preSolution
		HideSolutionNode = FALSE
	EndGlobalSection
	GlobalSection(ExtensibilityGlobals) = postSolution
		SolutionGuid = {2C9CEE34-455C-409A-A51D-1AA53A828684}
	EndGlobalSection
EndGlobal
